
Microsoft Visual Studio Solution File, Format Version 12.00
# Visual Studio Version 17
VisualStudioVersion = 17.7.34024.191
MinimumVisualStudioVersion = 10.0.40219.1
Project("{FAE04EC0-301F-11D3-BF4B-00C04F79EFBC}") = "vehicle_configurator", "vehicle_configurator.csproj", "{2C2673F1-75E5-4A52-86A6-8E28B5405837}"
EndProject
Global
	GlobalSection(SolutionConfigurationPlatforms) = preSolution
		Debug|Any CPU = Debug|Any CPU
		Release|Any CPU = Release|Any CPU
	EndGlobalSection
	GlobalSection(ProjectConfigurationPlatforms) = postSolution
		{2C2673F1-75E5-4A52-86A6-8E28B5405837}.Debug|Any CPU.ActiveCfg = Debug|Any CPU
		{2C2673F1-75E5-4A52-86A6-8E28B5405837}.Debug|Any CPU.Build.0 = Debug|Any CPU
		{2C2673F1-75E5-4A52-86A6-8E28B5405837}.Release|Any CPU.ActiveCfg = Release|Any CPU
		{2C2673F1-75E5-4A52-86A6-8E28B5405837}.Release|Any CPU.Build.0 = Release|Any CPU
	EndGlobalSection
	GlobalSection(SolutionProperties) = preSolution
		HideSolutionNode = FALSE
	EndGlobalSection
	GlobalSection(ExtensibilityGlobals) = postSolution
		SolutionGuid = {4392DEB4-3C12-4136-BF42-5D9CF732DD38}
	EndGlobalSection
EndGlobal
